
Microsoft Visual Studio Solution File, Format Version 12.00
# Visual Studio Version 17
VisualStudioVersion = 17.14.36414.22 d17.14
MinimumVisualStudioVersion = 10.0.40219.1
Project("{FAE04EC0-301F-11D3-BF4B-00C04F79EFBC}") = "Cifra do Estagiário", "Cifra do Estagiário (logica)\Cifra do Estagiário.csproj", "{A0166619-F6EB-4D4F-A494-2603D1DAA917}"
EndProject
Project("{FAE04EC0-301F-11D3-BF4B-00C04F79EFBC}") = "Zoológico Virtual", "Zoológico Virtual\Zoológico Virtual.csproj", "{E7F1F431-4F0B-430E-A7B7-CF8E27874C0C}"
EndProject
Project("{FAE04EC0-301F-11D3-BF4B-00C04F79EFBC}") = "Agenda de Contatos", "Agenda de Contatos\Agenda de Contatos.csproj", "{D9530D0D-63FF-4746-97D6-FDBEB38C91FB}"
EndProject
Global
	GlobalSection(SolutionConfigurationPlatforms) = preSolution
		Debug|Any CPU = Debug|Any CPU
		Release|Any CPU = Release|Any CPU
	EndGlobalSection
	GlobalSection(ProjectConfigurationPlatforms) = postSolution
		{A0166619-F6EB-4D4F-A494-2603D1DAA917}.Debug|Any CPU.ActiveCfg = Debug|Any CPU
		{A0166619-F6EB-4D4F-A494-2603D1DAA917}.Debug|Any CPU.Build.0 = Debug|Any CPU
		{A0166619-F6EB-4D4F-A494-2603D1DAA917}.Release|Any CPU.ActiveCfg = Release|Any CPU
		{A0166619-F6EB-4D4F-A494-2603D1DAA917}.Release|Any CPU.Build.0 = Release|Any CPU
		{E7F1F431-4F0B-430E-A7B7-CF8E27874C0C}.Debug|Any CPU.ActiveCfg = Debug|Any CPU
		{E7F1F431-4F0B-430E-A7B7-CF8E27874C0C}.Debug|Any CPU.Build.0 = Debug|Any CPU
		{E7F1F431-4F0B-430E-A7B7-CF8E27874C0C}.Release|Any CPU.ActiveCfg = Release|Any CPU
		{E7F1F431-4F0B-430E-A7B7-CF8E27874C0C}.Release|Any CPU.Build.0 = Release|Any CPU
		{D9530D0D-63FF-4746-97D6-FDBEB38C91FB}.Debug|Any CPU.ActiveCfg = Debug|Any CPU
		{D9530D0D-63FF-4746-97D6-FDBEB38C91FB}.Debug|Any CPU.Build.0 = Debug|Any CPU
		{D9530D0D-63FF-4746-97D6-FDBEB38C91FB}.Release|Any CPU.ActiveCfg = Release|Any CPU
		{D9530D0D-63FF-4746-97D6-FDBEB38C91FB}.Release|Any CPU.Build.0 = Release|Any CPU
	EndGlobalSection
	GlobalSection(SolutionProperties) = preSolution
		HideSolutionNode = FALSE
	EndGlobalSection
	GlobalSection(ExtensibilityGlobals) = postSolution
		SolutionGuid = {40422D27-FCD5-4CDB-BB9E-A5A0892ECFAD}
	EndGlobalSection
EndGlobal
